PODS:
  - Flutter (1.0.0)
  - flutter_ffmpeg_kit_full (0.0.1):
    - Flutter
    - flutter_ffmpeg_kit_full/full-gpl-lts (= 0.0.1)
  - flutter_ffmpeg_kit_full/full-gpl-lts (0.0.1):
    - Flutter
  - integration_test (0.0.1):
    - Flutter
  - path_provider_foundation (0.0.1):
    - Flutter
    - FlutterMacOS

DEPENDENCIES:
  - Flutter (from `Flutter`)
  - flutter_ffmpeg_kit_full (from `.symlinks/plugins/flutter_ffmpeg_kit_full/ios`)
  - integration_test (from `.symlinks/plugins/integration_test/ios`)
  - path_provider_foundation (from `.symlinks/plugins/path_provider_foundation/darwin`)

EXTERNAL SOURCES:
  Flutter:
    :path: Flutter
  flutter_ffmpeg_kit_full:
    :path: ".symlinks/plugins/flutter_ffmpeg_kit_full/ios"
  integration_test:
    :path: ".symlinks/plugins/integration_test/ios"
  path_provider_foundation:
    :path: ".symlinks/plugins/path_provider_foundation/darwin"

SPEC CHECKSUMS:
  Flutter: e0871f40cf51350855a761d2e70bf5af5b9b5de7
  flutter_ffmpeg_kit_full: 5a1e736d990b9e3a50dfb57e2adade1f1a78826b
  integration_test: 252f60fa39af5e17c3aa9899d35d908a0721b573
  path_provider_foundation: 2b6b4c569c0fb62ec74538f866245ac84301af46

PODFILE CHECKSUM: 4305caec6b40dde0ae97be1573c53de1882a07e5

COCOAPODS: 1.16.1
